// !$*UTF8*$!
{
	archiveVersion = 1;
	classes = {
	};
	objectVersion = 48;
	objects = {

/* Begin PBXBuildFile section */
		AC81D3AE2000AB1F00DF3B8C /* AppDelegate.swift in Sources */ = {isa = PBXBuildFile; fileRef = AC81D3AD2000AB1F00DF3B8C /* AppDelegate.swift */; };
		AC81D3B02000AB1F00DF3B8C /* ViewController.swift in Sources */ = {isa = PBXBuildFile; fileRef = AC81D3AF2000AB1F00DF3B8C /* ViewController.swift */; };
		AC81D3B32000AB1F00DF3B8C /* Main.storyboard in Resources */ = {isa = PBXBuildFile; fileRef = AC81D3B12000AB1F00DF3B8C /* Main.storyboard */; };
		AC81D3B52000AB1F00DF3B8C /* Assets.xcassets in Resources */ = {isa = PBXBuildFile; fileRef = AC81D3B42000AB1F00DF3B8C /* Assets.xcassets */; };
		AC81D3B82000AB1F00DF3B8C /* LaunchScreen.storyboard in Resources */ = {isa = PBXBuildFile; fileRef = AC81D3B62000AB1F00DF3B8C /* LaunchScreen.storyboard */; };
		AC81D3C32000AB1F00DF3B8C /* Example_Collection_ViewTests.swift in Sources */ = {isa = PBXBuildFile; fileRef = AC81D3C22000AB1F00DF3B8C /* Example_Collection_ViewTests.swift */; };
		AC81D3CE2000AB1F00DF3B8C /* Example_Collection_ViewUITests.swift in Sources */ = {isa = PBXBuildFile; fileRef = AC81D3CD2000AB1F00DF3B8C /* Example_Collection_ViewUITests.swift */; };
/* End PBXBuildFile section */

/* Begin PBXContainerItemProxy section */
		AC81D3BF2000AB1F00DF3B8C /* PBXContainerItemProxy */ = {
			isa = PBXContainerItemProxy;
			containerPortal = AC81D3A22000AB1F00DF3B8C /* Project object */;
			proxyType = 1;
			remoteGlobalIDString = AC81D3A92000AB1F00DF3B8C;
			remoteInfo = Example_Collection_View;
		};
		AC81D3CA2000AB1F00DF3B8C /* PBXContainerItemProxy */ = {
			isa = PBXContainerItemProxy;
			containerPortal = AC81D3A22000AB1F00DF3B8C /* Project object */;
			proxyType = 1;
			remoteGlobalIDString = AC81D3A92000AB1F00DF3B8C;
			remoteInfo = Example_Collection_View;
		};
/* End PBXContainerItemProxy section */

/* Begin PBXFileReference section */
		AC81D3AA2000AB1F00DF3B8C /* Example_Collection_View.app */ = {isa = PBXFileReference; explicitFileType = wrapper.application; includeInIndex = 0; path = Example_Collection_View.app; sourceTree = BUILT_PRODUCTS_DIR; };
		AC81D3AD2000AB1F00DF3B8C /* AppDelegate.swift */ = {isa = PBXFileReference; lastKnownFileType = sourcecode.swift; path = AppDelegate.swift; sourceTree = "<group>"; };
		AC81D3AF2000AB1F00DF3B8C /* ViewController.swift */ = {isa = PBXFileReference; lastKnownFileType = sourcecode.swift; path = ViewController.swift; sourceTree = "<group>"; };
		AC81D3B22000AB1F00DF3B8C /* Base */ = {isa = PBXFileReference; lastKnownFileType = file.storyboard; name = Base; path = Base.lproj/Main.storyboard; sourceTree = "<group>"; };
		AC81D3B42000AB1F00DF3B8C /* Assets.xcassets */ = {isa = PBXFileReference; lastKnownFileType = folder.assetcatalog; path = Assets.xcassets; sourceTree = "<group>"; };
		AC81D3B72000AB1F00DF3B8C /* Base */ = {isa = PBXFileReference; lastKnownFileType = file.storyboard; name = Base; path = Base.lproj/LaunchScreen.storyboard; sourceTree = "<group>"; };
		AC81D3B92000AB1F00DF3B8C /* Info.plist */ = {isa = PBXFileReference; lastKnownFileType = text.plist.xml; path = Info.plist; sourceTree = "<group>"; };
		AC81D3BE2000AB1F00DF3B8C /* Example_Collection_ViewTests.xctest */ = {isa = PBXFileReference; explicitFileType = wrapper.cfbundle; includeInIndex = 0; path = Example_Collection_ViewTests.xctest; sourceTree = BUILT_PRODUCTS_DIR; };
		AC81D3C22000AB1F00DF3B8C /* Example_Collection_ViewTests.swift */ = {isa = PBXFileReference; lastKnownFileType = sourcecode.swift; path = Example_Collection_ViewTests.swift; sourceTree = "<group>"; };
		AC81D3C42000AB1F00DF3B8C /* Info.plist */ = {isa = PBXFileReference; lastKnownFileType = text.plist.xml; path = Info.plist; sourceTree = "<group>"; };
		AC81D3C92000AB1F00DF3B8C /* Example_Collection_ViewUITests.xctest */ = {isa = PBXFileReference; explicitFileType = wrapper.cfbundle; includeInIndex = 0; path = Example_Collection_ViewUITests.xctest; sourceTree = BUILT_PRODUCTS_DIR; };
		AC81D3CD2000AB1F00DF3B8C /* Example_Collection_ViewUITests.swift */ = {isa = PBXFileReference; lastKnownFileType = sourcecode.swift; path = Example_Collection_ViewUITests.swift; sourceTree = "<group>"; };
		AC81D3CF2000AB1F00DF3B8C /* Info.plist */ = {isa = PBXFileReference; lastKnownFileType = text.plist.xml; path = Info.plist; sourceTree = "<group>"; };
/* End PBXFileReference section */

/* Begin PBXFrameworksBuildPhase section */
		AC81D3A72000AB1F00DF3B8C /* Frameworks */ = {
			isa = PBXFrameworksBuildPhase;
			buildActionMask = 2147483647;
			files = (
			);
			runOnlyForDeploymentPostprocessing = 0;
		};
		AC81D3BB2000AB1F00DF3B8C /* Frameworks */ = {
			isa = PBXFrameworksBuildPhase;
			buildActionMask = 2147483647;
			files = (
			);
			runOnlyForDeploymentPostprocessing = 0;
		};
		AC81D3C62000AB1F00DF3B8C /* Frameworks */ = {
			isa = PBXFrameworksBuildPhase;
			buildActionMask = 2147483647;
			files = (
			);
			runOnlyForDeploymentPostprocessing = 0;
		};
/* End PBXFrameworksBuildPhase section */

/* Begin PBXGroup section */
		AC81D3A12000AB1F00DF3B8C = {
			isa = PBXGroup;
			children = (
				AC81D3AC2000AB1F00DF3B8C /* Example_Collection_View */,
				AC81D3C12000AB1F00DF3B8C /* Example_Collection_ViewTests */,
				AC81D3CC2000AB1F00DF3B8C /* Example_Collection_ViewUITests */,
				AC81D3AB2000AB1F00DF3B8C /* Products */,
			);
			sourceTree = "<group>";
		};
		AC81D3AB2000AB1F00DF3B8C /* Products */ = {
			isa = PBXGroup;
			children = (
				AC81D3AA2000AB1F00DF3B8C /* Example_Collection_View.app */,
				AC81D3BE2000AB1F00DF3B8C /* Example_Collection_ViewTests.xctest */,
				AC81D3C92000AB1F00DF3B8C /* Example_Collection_ViewUITests.xctest */,
			);
			name = Products;
			sourceTree = "<group>";
		};
		AC81D3AC2000AB1F00DF3B8C /* Example_Collection_View */ = {
			isa = PBXGroup;
			children = (
				AC81D3AD2000AB1F00DF3B8C /* AppDelegate.swift */,
				AC81D3AF2000AB1F00DF3B8C /* ViewController.swift */,
				AC81D3B12000AB1F00DF3B8C /* Main.storyboard */,
				AC81D3B42000AB1F00DF3B8C /* Assets.xcassets */,
				AC81D3B62000AB1F00DF3B8C /* LaunchScreen.storyboard */,
				AC81D3B92000AB1F00DF3B8C /* Info.plist */,
			);
			path = Example_Collection_View;
			sourceTree = "<group>";
		};
		AC81D3C12000AB1F00DF3B8C /* Example_Collection_ViewTests */ = {
			isa = PBXGroup;
			children = (
				AC81D3C22000AB1F00DF3B8C /* Example_Collection_ViewTests.swift */,
				AC81D3C42000AB1F00DF3B8C /* Info.plist */,
			);
			path = Example_Collection_ViewTests;
			sourceTree = "<group>";
		};
		AC81D3CC2000AB1F00DF3B8C /* Example_Collection_ViewUITests */ = {
			isa = PBXGroup;
			children = (
				AC81D3CD2000AB1F00DF3B8C /* Example_Collection_ViewUITests.swift */,
				AC81D3CF2000AB1F00DF3B8C /* Info.plist */,
			);
			path = Example_Collection_ViewUITests;
			sourceTree = "<group>";
		};
/* End PBXGroup section */

/* Begin PBXNativeTarget section */
		AC81D3A92000AB1F00DF3B8C /* Example_Collection_View */ = {
			isa = PBXNativeTarget;
			buildConfigurationList = AC81D3D22000AB1F00DF3B8C /* Build configuration list for PBXNativeTarget "Example_Collection_View" */;
			buildPhases = (
				AC81D3A62000AB1F00DF3B8C /* Sources */,
				AC81D3A72000AB1F00DF3B8C /* Frameworks */,
				AC81D3A82000AB1F00DF3B8C /* Resources */,
			);
			buildRules = (
			);
			dependencies = (
			);
			name = Example_Collection_View;
			productName = Example_Collection_View;
			productReference = AC81D3AA2000AB1F00DF3B8C /* Example_Collection_View.app */;
			productType = "com.apple.product-type.application";
		};
		AC81D3BD2000AB1F00DF3B8C /* Example_Collection_ViewTests */ = {
			isa = PBXNativeTarget;
			buildConfigurationList = AC81D3D52000AB1F00DF3B8C /* Build configuration list for PBXNativeTarget "Example_Collection_ViewTests" */;
			buildPhases = (
				AC81D3BA2000AB1F00DF3B8C /* Sources */,
				AC81D3BB2000AB1F00DF3B8C /* Frameworks */,
				AC81D3BC2000AB1F00DF3B8C /* Resources */,
			);
			buildRules = (
			);
			dependencies = (
				AC81D3C02000AB1F00DF3B8C /* PBXTargetDependency */,
			);
			name = Example_Collection_ViewTests;
			productName = Example_Collection_ViewTests;
			productReference = AC81D3BE2000AB1F00DF3B8C /* Example_Collection_ViewTests.xctest */;
			productType = "com.apple.product-type.bundle.unit-test";
		};
		AC81D3C82000AB1F00DF3B8C /* Example_Collection_ViewUITests */ = {
			isa = PBXNativeTarget;
			buildConfigurationList = AC81D3D82000AB1F00DF3B8C /* Build configuration list for PBXNativeTarget "Example_Collection_ViewUITests" */;
			buildPhases = (
				AC81D3C52000AB1F00DF3B8C /* Sources */,
				AC81D3C62000AB1F00DF3B8C /* Frameworks */,
				AC81D3C72000AB1F00DF3B8C /* Resources */,
			);
			buildRules = (
			);
			dependencies = (
				AC81D3CB2000AB1F00DF3B8C /* PBXTargetDependency */,
			);
			name = Example_Collection_ViewUITests;
			productName = Example_Collection_ViewUITests;
			productReference = AC81D3C92000AB1F00DF3B8C /* Example_Collection_ViewUITests.xctest */;
			productType = "com.apple.product-type.bundle.ui-testing";
		};
/* End PBXNativeTarget section */

/* Begin PBXProject section */
		AC81D3A22000AB1F00DF3B8C /* Project object */ = {
			isa = PBXProject;
			attributes = {
				LastSwiftUpdateCheck = 0910;
				LastUpgradeCheck = 0910;
				ORGANIZATIONNAME = srinivas;
				TargetAttributes = {
					AC81D3A92000AB1F00DF3B8C = {
						CreatedOnToolsVersion = 9.1;
						ProvisioningStyle = Automatic;
					};
					AC81D3BD2000AB1F00DF3B8C = {
						CreatedOnToolsVersion = 9.1;
						ProvisioningStyle = Automatic;
						TestTargetID = AC81D3A92000AB1F00DF3B8C;
					};
					AC81D3C82000AB1F00DF3B8C = {
						CreatedOnToolsVersion = 9.1;
						ProvisioningStyle = Automatic;
						TestTargetID = AC81D3A92000AB1F00DF3B8C;
					};
				};
			};
			buildConfigurationList = AC81D3A52000AB1F00DF3B8C /* Build configuration list for PBXProject "Example_Collection_View" */;
			compatibilityVersion = "Xcode 8.0";
			developmentRegion = en;
			hasScannedForEncodings = 0;
			knownRegions = (
				en,
				Base,
			);
			mainGroup = AC81D3A12000AB1F00DF3B8C;
			productRefGroup = AC81D3AB2000AB1F00DF3B8C /* Products */;
			projectDirPath = "";
			projectRoot = "";
			targets = (
				AC81D3A92000AB1F00DF3B8C /* Example_Collection_View */,
				AC81D3BD2000AB1F00DF3B8C /* Example_Collection_ViewTests */,
				AC81D3C82000AB1F00DF3B8C /* Example_Collection_ViewUITests */,
			);
		};
/* End PBXProject section */

/* Begin PBXResourcesBuildPhase section */
		AC81D3A82000AB1F00DF3B8C /* Resources */ = {
			isa = PBXResourcesBuildPhase;
			buildActionMask = 2147483647;
			files = (
				AC81D3B82000AB1F00DF3B8C /* LaunchScreen.storyboard in Resources */,
				AC81D3B52000AB1F00DF3B8C /* Assets.xcassets in Resources */,
				AC81D3B32000AB1F00DF3B8C /* Main.storyboard in Resources */,
			);
			runOnlyForDeploymentPostprocessing = 0;
		};
		AC81D3BC2000AB1F00DF3B8C /* Resources */ = {
			isa = PBXResourcesBuildPhase;
			buildActionMask = 2147483647;
			files = (
			);
			runOnlyForDeploymentPostprocessing = 0;
		};
		AC81D3C72000AB1F00DF3B8C /* Resources */ = {
			isa = PBXResourcesBuildPhase;
			buildActionMask = 2147483647;
			files = (
			);
			runOnlyForDeploymentPostprocessing = 0;
		};
/* End PBXResourcesBuildPhase section */

/* Begin PBXSourcesBuildPhase section */
		AC81D3A62000AB1F00DF3B8C /* Sources */ = {
			isa = PBXSourcesBuildPhase;
			buildActionMask = 2147483647;
			files = (
				AC81D3B02000AB1F00DF3B8C /* ViewController.swift in Sources */,
				AC81D3AE2000AB1F00DF3B8C /* AppDelegate.swift in Sources */,
			);
			runOnlyForDeploymentPostprocessing = 0;
		};
		AC81D3BA2000AB1F00DF3B8C /* Sources */ = {
			isa = PBXSourcesBuildPhase;
			buildActionMask = 2147483647;
			files = (
				AC81D3C32000AB1F00DF3B8C /* Example_Collection_ViewTests.swift in Sources */,
			);
			runOnlyForDeploymentPostprocessing = 0;
		};
		AC81D3C52000AB1F00DF3B8C /* Sources */ = {
			isa = PBXSourcesBuildPhase;
			buildActionMask = 2147483647;
			files = (
				AC81D3CE2000AB1F00DF3B8C /* Example_Collection_ViewUITests.swift in Sources */,
			);
			runOnlyForDeploymentPostprocessing = 0;
		};
/* End PBXSourcesBuildPhase section */

/* Begin PBXTargetDependency section */
		AC81D3C02000AB1F00DF3B8C /* PBXTargetDependency */ = {
			isa = PBXTargetDependency;
			target = AC81D3A92000AB1F00DF3B8C /* Example_Collection_View */;
			targetProxy = AC81D3BF2000AB1F00DF3B8C /* PBXContainerItemProxy */;
		};
		AC81D3CB2000AB1F00DF3B8C /* PBXTargetDependency */ = {
			isa = PBXTargetDependency;
			target = AC81D3A92000AB1F00DF3B8C /* Example_Collection_View */;
			targetProxy = AC81D3CA2000AB1F00DF3B8C /* PBXContainerItemProxy */;
		};
/* End PBXTargetDependency section */

/* Begin PBXVariantGroup section */
		AC81D3B12000AB1F00DF3B8C /* Main.storyboard */ = {
			isa = PBXVariantGroup;
			children = (
				AC81D3B22000AB1F00DF3B8C /* Base */,
			);
			name = Main.storyboard;
			sourceTree = "<group>";
		};
		AC81D3B62000AB1F00DF3B8C /* LaunchScreen.storyboard */ = {
			isa = PBXVariantGroup;
			children = (
				AC81D3B72000AB1F00DF3B8C /* Base */,
			);
			name = LaunchScreen.storyboard;
			sourceTree = "<group>";
		};
/* End PBXVariantGroup section */

/* Begin XCBuildConfiguration section */
		AC81D3D02000AB1F00DF3B8C /* Debug */ = {
			isa = XCBuildConfiguration;
			buildSettings = {
				ALWAYS_SEARCH_USER_PATHS = NO;
				CLANG_ANALYZER_NONNULL = YES;
				CLANG_ANALYZER_NUMBER_OBJECT_CONVERSION = YES_AGGRESSIVE;
				CLANG_CXX_LANGUAGE_STANDARD = "gnu++14";
				CLANG_CXX_LIBRARY = "libc++";
				CLANG_ENABLE_MODULES = YES;
				CLANG_ENABLE_OBJC_ARC = YES;
				CLANG_WARN_BLOCK_CAPTURE_AUTORELEASING = YES;
				CLANG_WARN_BOOL_CONVERSION = YES;
				CLANG_WARN_COMMA = YES;
				CLANG_WARN_CONSTANT_CONVERSION = YES;
				CLANG_WARN_DIRECT_OBJC_ISA_USAGE = YES_ERROR;
				CLANG_WARN_DOCUMENTATION_COMMENTS = YES;
				CLANG_WARN_EMPTY_BODY = YES;
				CLANG_WARN_ENUM_CONVERSION = YES;
				CLANG_WARN_INFINITE_RECURSION = YES;
				CLANG_WARN_INT_CONVERSION = YES;
				CLANG_WARN_NON_LITERAL_NULL_CONVERSION = YES;
				CLANG_WARN_OBJC_LITERAL_CONVERSION = YES;
				CLANG_WARN_OBJC_ROOT_CLASS = YES_ERROR;
				CLANG_WARN_RANGE_LOOP_ANALYSIS = YES;
				CLANG_WARN_STRICT_PROTOTYPES = YES;
				CLANG_WARN_SUSPICIOUS_MOVE = YES;
				CLANG_WARN_UNGUARDED_AVAILABILITY = YES_AGGRESSIVE;
				CLANG_WARN_UNREACHABLE_CODE = YES;
				CLANG_WARN__DUPLICATE_METHOD_MATCH = YES;
				CODE_SIGN_IDENTITY = "iPhone Developer";
				COPY_PHASE_STRIP = NO;
				DEBUG_INFORMATION_FORMAT = dwarf;
				ENABLE_STRICT_OBJC_MSGSEND = YES;
				ENABLE_TESTABILITY = YES;
				GCC_C_LANGUAGE_STANDARD = gnu11;
				GCC_DYNAMIC_NO_PIC = NO;
				GCC_NO_COMMON_BLOCKS = YES;
				GCC_OPTIMIZATION_LEVEL = 0;
				GCC_PREPROCESSOR_DEFINITIONS = (
					"DEBUG=1",
					"$(inherited)",
				);
				GCC_WARN_64_TO_32_BIT_CONVERSION = YES;
				GCC_WARN_ABOUT_RETURN_TYPE = YES_ERROR;
				GCC_WARN_UNDECLARED_SELECTOR = YES;
				GCC_WARN_UNINITIALIZED_AUTOS = YES_AGGRESSIVE;
				GCC_WARN_UNUSED_FUNCTION = YES;
				GCC_WARN_UNUSED_VARIABLE = YES;
				IPHONEOS_DEPLOYMENT_TARGET = 11.1;
				MTL_ENABLE_DEBUG_INFO = YES;
				ONLY_ACTIVE_ARCH = YES;
				SDKROOT = iphoneos;
				SWIFT_ACTIVE_COMPILATION_CONDITIONS = DEBUG;
				SWIFT_OPTIMIZATION_LEVEL = "-Onone";
			};
			name = Debug;
		};
		AC81D3D12000AB1F00DF3B8C /* Release */ = {
			isa = XCBuildConfiguration;
			buildSettings = {
				ALWAYS_SEARCH_USER_PATHS = NO;
				CLANG_ANALYZER_NONNULL = YES;
				CLANG_ANALYZER_NUMBER_OBJECT_CONVERSION = YES_AGGRESSIVE;
				CLANG_CXX_LANGUAGE_STANDARD = "gnu++14";
				CLANG_CXX_LIBRARY = "libc++";
				CLANG_ENABLE_MODULES = YES;
				CLANG_ENABLE_OBJC_ARC = YES;
				CLANG_WARN_BLOCK_CAPTURE_AUTORELEASING = YES;
				CLANG_WARN_BOOL_CONVERSION = YES;
				CLANG_WARN_COMMA = YES;
				CLANG_WARN_CONSTANT_CONVERSION = YES;
				CLANG_WARN_DIRECT_OBJC_ISA_USAGE = YES_ERROR;
				CLANG_WARN_DOCUMENTATION_COMMENTS = YES;
				CLANG_WARN_EMPTY_BODY = YES;
				CLANG_WARN_ENUM_CONVERSION = YES;
				CLANG_WARN_INFINITE_RECURSION = YES;
				CLANG_WARN_INT_CONVERSION = YES;
				CLANG_WARN_NON_LITERAL_NULL_CONVERSION = YES;
				CLANG_WARN_OBJC_LITERAL_CONVERSION = YES;
				CLANG_WARN_OBJC_ROOT_CLASS = YES_ERROR;
				CLANG_WARN_RANGE_LOOP_ANALYSIS = YES;
				CLANG_WARN_STRICT_PROTOTYPES = YES;
				CLANG_WARN_SUSPICIOUS_MOVE = YES;
				CLANG_WARN_UNGUARDED_AVAILABILITY = YES_AGGRESSIVE;
				CLANG_WARN_UNREACHABLE_CODE = YES;
				CLANG_WARN__DUPLICATE_METHOD_MATCH = YES;
				CODE_SIGN_IDENTITY = "iPhone Developer";
				COPY_PHASE_STRIP = NO;
				DEBUG_INFORMATION_FORMAT = "dwarf-with-dsym";
				ENABLE_NS_ASSERTIONS = NO;
				ENABLE_STRICT_OBJC_MSGSEND = YES;
				GCC_C_LANGUAGE_STANDARD = gnu11;
				GCC_NO_COMMON_BLOCKS = YES;
				GCC_WARN_64_TO_32_BIT_CONVERSION = YES;
				GCC_WARN_ABOUT_RETURN_TYPE = YES_ERROR;
				GCC_WARN_UNDECLARED_SELECTOR = YES;
				GCC_WARN_UNINITIALIZED_AUTOS = YES_AGGRESSIVE;
				GCC_WARN_UNUSED_FUNCTION = YES;
				GCC_WARN_UNUSED_VARIABLE = YES;
				IPHONEOS_DEPLOYMENT_TARGET = 11.1;
				MTL_ENABLE_DEBUG_INFO = NO;
				SDKROOT = iphoneos;
				SWIFT_OPTIMIZATION_LEVEL = "-Owholemodule";
				VALIDATE_PRODUCT = YES;
			};
			name = Release;
		};
		AC81D3D32000AB1F00DF3B8C /* Debug */ = {
			isa = XCBuildConfiguration;
			buildSettings = {
				ASSETCATALOG_COMPILER_APPICON_NAME = AppIcon;
				CODE_SIGN_STYLE = Automatic;
				INFOPLIST_FILE = Example_Collection_View/Info.plist;
				LD_RUNPATH_SEARCH_PATHS = "$(inherited) @executable_path/Frameworks";
				PRODUCT_BUNDLE_IDENTIFIER = "srinivas.Example-Collection-View";
				PRODUCT_NAME = "$(TARGET_NAME)";
				SWIFT_VERSION = 4.0;
				TARGETED_DEVICE_FAMILY = "1,2";
			};
			name = Debug;
		};
		AC81D3D42000AB1F00DF3B8C /* Release */ = {
			isa = XCBuildConfiguration;
			buildSettings = {
				ASSETCATALOG_COMPILER_APPICON_NAME = AppIcon;
				CODE_SIGN_STYLE = Automatic;
				INFOPLIST_FILE = Example_Collection_View/Info.plist;
				LD_RUNPATH_SEARCH_PATHS = "$(inherited) @executable_path/Frameworks";
				PRODUCT_BUNDLE_IDENTIFIER = "srinivas.Example-Collection-View";
				PRODUCT_NAME = "$(TARGET_NAME)";
				SWIFT_VERSION = 4.0;
				TARGETED_DEVICE_FAMILY = "1,2";
			};
			name = Release;
		};
		AC81D3D62000AB1F00DF3B8C /* Debug */ = {
			isa = XCBuildConfiguration;
			buildSettings = {
				ALWAYS_EMBED_SWIFT_STANDARD_LIBRARIES = YES;
				BUNDLE_LOADER = "$(TEST_HOST)";
				CODE_SIGN_STYLE = Automatic;
				INFOPLIST_FILE = Example_Collection_ViewTests/Info.plist;
				LD_RUNPATH_SEARCH_PATHS = "$(inherited) @executable_path/Frameworks @loader_path/Frameworks";
				PRODUCT_BUNDLE_IDENTIFIER = "srinivas.Example-Collection-ViewTests";
				PRODUCT_NAME = "$(TARGET_NAME)";
				SWIFT_VERSION = 4.0;
				TARGETED_DEVICE_FAMILY = "1,2";
				TEST_HOST = "$(BUILT_PRODUCTS_DIR)/Example_Collection_View.app/Example_Collection_View";
			};
			name = Debug;
		};
		AC81D3D72000AB1F00DF3B8C /* Release */ = {
			isa = XCBuildConfiguration;
			buildSettings = {
				ALWAYS_EMBED_SWIFT_STANDARD_LIBRARIES = YES;
				BUNDLE_LOADER = "$(TEST_HOST)";
				CODE_SIGN_STYLE = Automatic;
				INFOPLIST_FILE = Example_Collection_ViewTests/Info.plist;
				LD_RUNPATH_SEARCH_PATHS = "$(inherited) @executable_path/Frameworks @loader_path/Frameworks";
				PRODUCT_BUNDLE_IDENTIFIER = "srinivas.Example-Collection-ViewTests";
				PRODUCT_NAME = "$(TARGET_NAME)";
				SWIFT_VERSION = 4.0;
				TARGETED_DEVICE_FAMILY = "1,2";
				TEST_HOST = "$(BUILT_PRODUCTS_DIR)/Example_Collection_View.app/Example_Collection_View";
			};
			name = Release;
		};
		AC81D3D92000AB1F00DF3B8C /* Debug */ = {
			isa = XCBuildConfiguration;
			buildSettings = {
				ALWAYS_EMBED_SWIFT_STANDARD_LIBRARIES = YES;
				CODE_SIGN_STYLE = Automatic;
				INFOPLIST_FILE = Example_Collection_ViewUITests/Info.plist;
				LD_RUNPATH_SEARCH_PATHS = "$(inherited) @executable_path/Frameworks @loader_path/Frameworks";
				PRODUCT_BUNDLE_IDENTIFIER = "srinivas.Example-Collection-ViewUITests";
				PRODUCT_NAME = "$(TARGET_NAME)";
				SWIFT_VERSION = 4.0;
				TARGETED_DEVICE_FAMILY = "1,2";
				TEST_TARGET_NAME = Example_Collection_View;
			};
			name = Debug;
		};
		AC81D3DA2000AB1F00DF3B8C /* Release */ = {
			isa = XCBuildConfiguration;
			buildSettings = {
				ALWAYS_EMBED_SWIFT_STANDARD_LIBRARIES = YES;
				CODE_SIGN_STYLE = Automatic;
				INFOPLIST_FILE = Example_Collection_ViewUITests/Info.plist;
				LD_RUNPATH_SEARCH_PATHS = "$(inherited) @executable_path/Frameworks @loader_path/Frameworks";
				PRODUCT_BUNDLE_IDENTIFIER = "srinivas.Example-Collection-ViewUITests";
				PRODUCT_NAME = "$(TARGET_NAME)";
				SWIFT_VERSION = 4.0;
				TARGETED_DEVICE_FAMILY = "1,2";
				TEST_TARGET_NAME = Example_Collection_View;
			};
			name = Release;
		};
/* End XCBuildConfiguration section */

/* Begin XCConfigurationList section */
		AC81D3A52000AB1F00DF3B8C /* Build configuration list for PBXProject "Example_Collection_View" */ = {
			isa = XCConfigurationList;
			buildConfigurations = (
				AC81D3D02000AB1F00DF3B8C /* Debug */,
				AC81D3D12000AB1F00DF3B8C /* Release */,
			);
			defaultConfigurationIsVisible = 0;
			defaultConfigurationName = Release;
		};
		AC81D3D22000AB1F00DF3B8C /* Build configuration list for PBXNativeTarget "Example_Collection_View" */ = {
			isa = XCConfigurationList;
			buildConfigurations = (
				AC81D3D32000AB1F00DF3B8C /* Debug */,
				AC81D3D42000AB1F00DF3B8C /* Release */,
			);
			defaultConfigurationIsVisible = 0;
			defaultConfigurationName = Release;
		};
		AC81D3D52000AB1F00DF3B8C /* Build configuration list for PBXNativeTarget "Example_Collection_ViewTests" */ = {
			isa = XCConfigurationList;
			buildConfigurations = (
				AC81D3D62000AB1F00DF3B8C /* Debug */,
				AC81D3D72000AB1F00DF3B8C /* Release */,
			);
			defaultConfigurationIsVisible = 0;
			defaultConfigurationName = Release;
		};
		AC81D3D82000AB1F00DF3B8C /* Build configuration list for PBXNativeTarget "Example_Collection_ViewUITests" */ = {
			isa = XCConfigurationList;
			buildConfigurations = (
				AC81D3D92000AB1F00DF3B8C /* Debug */,
				AC81D3DA2000AB1F00DF3B8C /* Release */,
			);
			defaultConfigurationIsVisible = 0;
			defaultConfigurationName = Release;
		};
/* End XCConfigurationList section */
	};
	rootObject = AC81D3A22000AB1F00DF3B8C /* Project object */;
}
